
Microsoft Visual Studio Solution File, Format Version 12.00
# Visual Studio Version 17
VisualStudioVersion = 17.5.002.0
MinimumVisualStudioVersion = 10.0.40219.1
Project("{9A19103F-16F7-4668-BE54-9A1E7A4F7556}") = "SessionWorkshop", "SessionWorkshop.csproj", "{BFF7ED8E-FCFB-477F-8699-E2E03B1AA210}"
EndProject
Global
	GlobalSection(SolutionConfigurationPlatforms) = preSolution
		Debug|Any CPU = Debug|Any CPU
		Release|Any CPU = Release|Any CPU
	EndGlobalSection
	GlobalSection(ProjectConfigurationPlatforms) = postSolution
		{BFF7ED8E-FCFB-477F-8699-E2E03B1AA210}.Debug|Any CPU.ActiveCfg = Debug|Any CPU
		{BFF7ED8E-FCFB-477F-8699-E2E03B1AA210}.Debug|Any CPU.Build.0 = Debug|Any CPU
		{BFF7ED8E-FCFB-477F-8699-E2E03B1AA210}.Release|Any CPU.ActiveCfg = Release|Any CPU
		{BFF7ED8E-FCFB-477F-8699-E2E03B1AA210}.Release|Any CPU.Build.0 = Release|Any CPU
	EndGlobalSection
	GlobalSection(SolutionProperties) = preSolution
		HideSolutionNode = FALSE
	EndGlobalSection
	GlobalSection(ExtensibilityGlobals) = postSolution
		SolutionGuid = {11ADCE7E-CF42-414A-89F6-F4B26BE191A2}
	EndGlobalSection
EndGlobal
